
Microsoft Visual Studio Solution File, Format Version 12.00
# Visual Studio 15
VisualStudioVersion = 15.0.28307.779
MinimumVisualStudioVersion = 10.0.40219.1
Project("{FAE04EC0-301F-11D3-BF4B-00C04F79EFBC}") = "Teaching management system", "Teaching management system\Teaching management system.csproj", "{95A361BF-001F-48CF-B363-51ADA532B998}"
EndProject
Global
	GlobalSection(SolutionConfigurationPlatforms) = preSolution
		Debug|Any CPU = Debug|Any CPU
		Release|Any CPU = Release|Any CPU
	EndGlobalSection
	GlobalSection(ProjectConfigurationPlatforms) = postSolution
		{95A361BF-001F-48CF-B363-51ADA532B998}.Debug|Any CPU.ActiveCfg = Debug|Any CPU
		{95A361BF-001F-48CF-B363-51ADA532B998}.Debug|Any CPU.Build.0 = Debug|Any CPU
		{95A361BF-001F-48CF-B363-51ADA532B998}.Release|Any CPU.ActiveCfg = Release|Any CPU
		{95A361BF-001F-48CF-B363-51ADA532B998}.Release|Any CPU.Build.0 = Release|Any CPU
	EndGlobalSection
	GlobalSection(SolutionProperties) = preSolution
		HideSolutionNode = FALSE
	EndGlobalSection
	GlobalSection(ExtensibilityGlobals) = postSolution
		SolutionGuid = {E0646486-8874-432A-8CEE-ECABAAECF8D5}
	EndGlobalSection
EndGlobal
